// !$*UTF8*$!
{
	archiveVersion = 1;
	classes = {
	};
	objectVersion = 46;
	objects = {

/* Begin PBXBuildFile section */
		3A1E46591ED78A4700FB82BB /* ContactViewController.swift in Sources */ = {isa = PBXBuildFile; fileRef = 3A1E46581ED78A4700FB82BB /* ContactViewController.swift */; };
		3A1E465D1ED78CF000FB82BB /* ContactPresenter.swift in Sources */ = {isa = PBXBuildFile; fileRef = 3A1E465C1ED78CF000FB82BB /* ContactPresenter.swift */; };
		3A1E46601ED78E1700FB82BB /* ContactViewProtocol.swift in Sources */ = {isa = PBXBuildFile; fileRef = 3A1E465F1ED78E1700FB82BB /* ContactViewProtocol.swift */; };
		3A2030F91ECC96B9004A8F7D /* LocationService.swift in Sources */ = {isa = PBXBuildFile; fileRef = 3A2030F81ECC96B9004A8F7D /* LocationService.swift */; };
		3A247DBC1ED649DB00E5C4D0 /* UIViewExtension.swift in Sources */ = {isa = PBXBuildFile; fileRef = 3A247DBB1ED649DB00E5C4D0 /* UIViewExtension.swift */; };
		3A41EF971ECE50EE00019609 /* Address.swift in Sources */ = {isa = PBXBuildFile; fileRef = 3A41EF961ECE50EE00019609 /* Address.swift */; };
		3A5CDA3C1EC3C52700E14EAB /* MainTableViewCell.swift in Sources */ = {isa = PBXBuildFile; fileRef = 3A5CDA3B1EC3C52700E14EAB /* MainTableViewCell.swift */; };
		3A5CDA401EC3C97100E14EAB /* Representative.swift in Sources */ = {isa = PBXBuildFile; fileRef = 3A5CDA3F1EC3C97100E14EAB /* Representative.swift */; };
		3A6BEF9E1ECABDD7009E98AE /* MainPresenterTest.swift in Sources */ = {isa = PBXBuildFile; fileRef = 3A6BEF9D1ECABDD7009E98AE /* MainPresenterTest.swift */; };
		3A85FF3B1EC3B27300741395 /* MainViewProtocol.swift in Sources */ = {isa = PBXBuildFile; fileRef = 3A85FF3A1EC3B27300741395 /* MainViewProtocol.swift */; };
		3A9BE08B1EC11D1E0048E973 /* ClientService.swift in Sources */ = {isa = PBXBuildFile; fileRef = 3A9BE08A1EC11D1E0048E973 /* ClientService.swift */; };
		3A9BE0911EC11E770048E973 /* MainPresenter.swift in Sources */ = {isa = PBXBuildFile; fileRef = 3A9BE0901EC11E770048E973 /* MainPresenter.swift */; };
		3A9BE0941EC1295B0048E973 /* MainViewController.swift in Sources */ = {isa = PBXBuildFile; fileRef = 3A9BE0931EC1295B0048E973 /* MainViewController.swift */; };
		3AC0B9CD1EA588BA0076BB71 /* AppDelegate.swift in Sources */ = {isa = PBXBuildFile; fileRef = 3AC0B9CC1EA588B90076BB71 /* AppDelegate.swift */; };
		3AC0B9D41EA588BC0076BB71 /* Assets.xcassets in Resources */ = {isa = PBXBuildFile; fileRef = 3AC0B9D31EA588BC0076BB71 /* Assets.xcassets */; };
		3AC0B9D71EA588BC0076BB71 /* LaunchScreen.storyboard in Resources */ = {isa = PBXBuildFile; fileRef = 3AC0B9D51EA588BC0076BB71 /* LaunchScreen.storyboard */; };
		3AC0B9ED1EA588C10076BB71 /* CivicInfoUITests.swift in Sources */ = {isa = PBXBuildFile; fileRef = 3AC0B9EC1EA588C10076BB71 /* CivicInfoUITests.swift */; };
		3AC0B9FB1EA6A76E0076BB71 /* Main.storyboard in Resources */ = {isa = PBXBuildFile; fileRef = 3AC0B9FA1EA6A76E0076BB71 /* Main.storyboard */; };
		3AD584751ED33757009D4A0C /* SampleJSON.txt in Resources */ = {isa = PBXBuildFile; fileRef = 3AD584741ED33757009D4A0C /* SampleJSON.txt */; };
		3AD584771ED3386C009D4A0C /* AddressTest.swift in Sources */ = {isa = PBXBuildFile; fileRef = 3AD584761ED3386C009D4A0C /* AddressTest.swift */; };
		3AE035F61EDCFB2C007DE680 /* ConfigurationViewController.swift in Sources */ = {isa = PBXBuildFile; fileRef = 3AE035F51EDCFB2C007DE680 /* ConfigurationViewController.swift */; };
		3AE035FA1EDFAC4C007DE680 /* ConfigurationPresenter.swift in Sources */ = {isa = PBXBuildFile; fileRef = 3AE035F91EDFAC4C007DE680 /* ConfigurationPresenter.swift */; };
/* End PBXBuildFile section */

/* Begin PBXContainerItemProxy section */
		3AC0B9DE1EA588BD0076BB71 /* PBXContainerItemProxy */ = {
			isa = PBXContainerItemProxy;
			containerPortal = 3AC0B9C11EA588B80076BB71 /* Project object */;
			proxyType = 1;
			remoteGlobalIDString = 3AC0B9C81EA588B80076BB71;
			remoteInfo = CivicInfo;
		};
		3AC0B9E91EA588C00076BB71 /* PBXContainerItemProxy */ = {
			isa = PBXContainerItemProxy;
			containerPortal = 3AC0B9C11EA588B80076BB71 /* Project object */;
			proxyType = 1;
			remoteGlobalIDString = 3AC0B9C81EA588B80076BB71;
			remoteInfo = CivicInfo;
		};
/* End PBXContainerItemProxy section */

/* Begin PBXFileReference section */
		3A1E46581ED78A4700FB82BB /* ContactViewController.swift */ = {isa = PBXFileReference; fileEncoding = 4; lastKnownFileType = sourcecode.swift; name = ContactViewController.swift; path = ../ContactViewController.swift; sourceTree = "<group>"; };
		3A1E465C1ED78CF000FB82BB /* ContactPresenter.swift */ = {isa = PBXFileReference; fileEncoding = 4; lastKnownFileType = sourcecode.swift; path = ContactPresenter.swift; sourceTree = "<group>"; };
		3A1E465F1ED78E1700FB82BB /* ContactViewProtocol.swift */ = {isa = PBXFileReference; fileEncoding = 4; lastKnownFileType = sourcecode.swift; path = ContactViewProtocol.swift; sourceTree = "<group>"; };
		3A2030F81ECC96B9004A8F7D /* LocationService.swift */ = {isa = PBXFileReference; fileEncoding = 4; lastKnownFileType = sourcecode.swift; path = LocationService.swift; sourceTree = "<group>"; };
		3A247DBB1ED649DB00E5C4D0 /* UIViewExtension.swift */ = {isa = PBXFileReference; fileEncoding = 4; lastKnownFileType = sourcecode.swift; path = UIViewExtension.swift; sourceTree = "<group>"; };
		3A41EF961ECE50EE00019609 /* Address.swift */ = {isa = PBXFileReference; fileEncoding = 4; lastKnownFileType = sourcecode.swift; path = Address.swift; sourceTree = "<group>"; };
		3A5CDA3B1EC3C52700E14EAB /* MainTableViewCell.swift */ = {isa = PBXFileReference; fileEncoding = 4; lastKnownFileType = sourcecode.swift; path = MainTableViewCell.swift; sourceTree = "<group>"; };
		3A5CDA3F1EC3C97100E14EAB /* Representative.swift */ = {isa = PBXFileReference; fileEncoding = 4; lastKnownFileType = sourcecode.swift; path = Representative.swift; sourceTree = "<group>"; };
		3A6BEF9D1ECABDD7009E98AE /* MainPresenterTest.swift */ = {isa = PBXFileReference; fileEncoding = 4; lastKnownFileType = sourcecode.swift; path = MainPresenterTest.swift; sourceTree = "<group>"; };
		3A85FF3A1EC3B27300741395 /* MainViewProtocol.swift */ = {isa = PBXFileReference; fileEncoding = 4; lastKnownFileType = sourcecode.swift; path = MainViewProtocol.swift; sourceTree = "<group>"; };
		3A9BE08A1EC11D1E0048E973 /* ClientService.swift */ = {isa = PBXFileReference; fileEncoding = 4; lastKnownFileType = sourcecode.swift; path = ClientService.swift; sourceTree = "<group>"; };
		3A9BE0901EC11E770048E973 /* MainPresenter.swift */ = {isa = PBXFileReference; fileEncoding = 4; lastKnownFileType = sourcecode.swift; path = MainPresenter.swift; sourceTree = "<group>"; };
		3A9BE0931EC1295B0048E973 /* MainViewController.swift */ = {isa = PBXFileReference; fileEncoding = 4; lastKnownFileType = sourcecode.swift; path = MainViewController.swift; sourceTree = "<group>"; };
		3AC0B9C91EA588B80076BB71 /* CivicInfo.app */ = {isa = PBXFileReference; explicitFileType = wrapper.application; includeInIndex = 0; path = CivicInfo.app; sourceTree = BUILT_PRODUCTS_DIR; };
		3AC0B9CC1EA588B90076BB71 /* AppDelegate.swift */ = {isa = PBXFileReference; lastKnownFileType = sourcecode.swift; path = AppDelegate.swift; sourceTree = "<group>"; };
		3AC0B9D31EA588BC0076BB71 /* Assets.xcassets */ = {isa = PBXFileReference; lastKnownFileType = folder.assetcatalog; path = Assets.xcassets; sourceTree = "<group>"; };
		3AC0B9D61EA588BC0076BB71 /* Base */ = {isa = PBXFileReference; lastKnownFileType = file.storyboard; name = Base; path = Base.lproj/LaunchScreen.storyboard; sourceTree = "<group>"; };
		3AC0B9D81EA588BD0076BB71 /* Info.plist */ = {isa = PBXFileReference; lastKnownFileType = text.plist.xml; path = Info.plist; sourceTree = "<group>"; };
		3AC0B9DD1EA588BD0076BB71 /* CivicInfoTests.xctest */ = {isa = PBXFileReference; explicitFileType = wrapper.cfbundle; includeInIndex = 0; path = CivicInfoTests.xctest; sourceTree = BUILT_PRODUCTS_DIR; };
		3AC0B9E31EA588C00076BB71 /* Info.plist */ = {isa = PBXFileReference; lastKnownFileType = text.plist.xml; path = Info.plist; sourceTree = "<group>"; };
		3AC0B9E81EA588C00076BB71 /* CivicInfoUITests.xctest */ = {isa = PBXFileReference; explicitFileType = wrapper.cfbundle; includeInIndex = 0; path = CivicInfoUITests.xctest; sourceTree = BUILT_PRODUCTS_DIR; };
		3AC0B9EC1EA588C10076BB71 /* CivicInfoUITests.swift */ = {isa = PBXFileReference; lastKnownFileType = sourcecode.swift; path = CivicInfoUITests.swift; sourceTree = "<group>"; };
		3AC0B9EE1EA588C10076BB71 /* Info.plist */ = {isa = PBXFileReference; lastKnownFileType = text.plist.xml; path = Info.plist; sourceTree = "<group>"; };
		3AC0B9FA1EA6A76E0076BB71 /* Main.storyboard */ = {isa = PBXFileReference; fileEncoding = 4; lastKnownFileType = file.storyboard; name = Main.storyboard; path = ../Main.storyboard; sourceTree = "<group>"; };
		3AD584741ED33757009D4A0C /* SampleJSON.txt */ = {isa = PBXFileReference; fileEncoding = 4; lastKnownFileType = text; path = SampleJSON.txt; sourceTree = "<group>"; };
		3AD584761ED3386C009D4A0C /* AddressTest.swift */ = {isa = PBXFileReference; fileEncoding = 4; lastKnownFileType = sourcecode.swift; path = AddressTest.swift; sourceTree = "<group>"; };
		3AE035F51EDCFB2C007DE680 /* ConfigurationViewController.swift */ = {isa = PBXFileReference; fileEncoding = 4; lastKnownFileType = sourcecode.swift; path = ConfigurationViewController.swift; sourceTree = "<group>"; };
		3AE035F91EDFAC4C007DE680 /* ConfigurationPresenter.swift */ = {isa = PBXFileReference; fileEncoding = 4; lastKnownFileType = sourcecode.swift; path = ConfigurationPresenter.swift; sourceTree = "<group>"; };
/* End PBXFileReference section */

/* Begin PBXFrameworksBuildPhase section */
		3AC0B9C61EA588B80076BB71 /* Frameworks */ = {
			isa = PBXFrameworksBuildPhase;
			buildActionMask = 2147483647;
			files = (
			);
			runOnlyForDeploymentPostprocessing = 0;
		};
		3AC0B9DA1EA588BD0076BB71 /* Frameworks */ = {
			isa = PBXFrameworksBuildPhase;
			buildActionMask = 2147483647;
			files = (
			);
			runOnlyForDeploymentPostprocessing = 0;
		};
		3AC0B9E51EA588C00076BB71 /* Frameworks */ = {
			isa = PBXFrameworksBuildPhase;
			buildActionMask = 2147483647;
			files = (
			);
			runOnlyForDeploymentPostprocessing = 0;
		};
/* End PBXFrameworksBuildPhase section */

/* Begin PBXGroup section */
		3A1E46611ED7F32200FB82BB /* Main */ = {
			isa = PBXGroup;
			children = (
				3A1E46631ED7F35400FB82BB /* View */,
				3A1E46641ED7F35E00FB82BB /* Presenter */,
			);
			name = Main;
			sourceTree = "<group>";
		};
		3A1E46621ED7F33600FB82BB /* Contact */ = {
			isa = PBXGroup;
			children = (
				3A1E46651ED7F37800FB82BB /* View */,
				3A1E46661ED7F38700FB82BB /* Presenter */,
			);
			name = Contact;
			sourceTree = "<group>";
		};
		3A1E46631ED7F35400FB82BB /* View */ = {
			isa = PBXGroup;
			children = (
				3A9BE0931EC1295B0048E973 /* MainViewController.swift */,
				3A5CDA3B1EC3C52700E14EAB /* MainTableViewCell.swift */,
			);
			name = View;
			sourceTree = "<group>";
		};
		3A1E46641ED7F35E00FB82BB /* Presenter */ = {
			isa = PBXGroup;
			children = (
				3A9BE0901EC11E770048E973 /* MainPresenter.swift */,
				3A85FF3A1EC3B27300741395 /* MainViewProtocol.swift */,
			);
			name = Presenter;
			sourceTree = "<group>";
		};
		3A1E46651ED7F37800FB82BB /* View */ = {
			isa = PBXGroup;
			children = (
				3A1E46581ED78A4700FB82BB /* ContactViewController.swift */,
			);
			name = View;
			sourceTree = "<group>";
		};
		3A1E46661ED7F38700FB82BB /* Presenter */ = {
			isa = PBXGroup;
			children = (
				3A1E465C1ED78CF000FB82BB /* ContactPresenter.swift */,
				3A1E465F1ED78E1700FB82BB /* ContactViewProtocol.swift */,
			);
			name = Presenter;
			sourceTree = "<group>";
		};
		3A1E46671ED7F3BC00FB82BB /* CivicInfoApi */ = {
			isa = PBXGroup;
			children = (
				3AD584741ED33757009D4A0C /* SampleJSON.txt */,
				3A9BE08A1EC11D1E0048E973 /* ClientService.swift */,
			);
			name = CivicInfoApi;
			sourceTree = "<group>";
		};
		3A1E46681ED7F3C700FB82BB /* Location */ = {
			isa = PBXGroup;
			children = (
				3A2030F81ECC96B9004A8F7D /* LocationService.swift */,
			);
			name = Location;
			sourceTree = "<group>";
		};
		3A5CDA411EC3CA1700E14EAB /* Model */ = {
			isa = PBXGroup;
			children = (
				3A5CDA3F1EC3C97100E14EAB /* Representative.swift */,
				3A41EF961ECE50EE00019609 /* Address.swift */,
				3A247DBB1ED649DB00E5C4D0 /* UIViewExtension.swift */,
			);
			name = Model;
			sourceTree = "<group>";
		};
		3A6BEFA61ECB777E009E98AE /* Presenter */ = {
			isa = PBXGroup;
			children = (
				3A6BEF9D1ECABDD7009E98AE /* MainPresenterTest.swift */,
			);
			name = Presenter;
			sourceTree = "<group>";
		};
		3A9BE08C1EC11D520048E973 /* Service */ = {
			isa = PBXGroup;
			children = (
				3A1E46671ED7F3BC00FB82BB /* CivicInfoApi */,
				3A1E46681ED7F3C700FB82BB /* Location */,
			);
			name = Service;
			sourceTree = "<group>";
		};
		3A9BE08D1EC11DA50048E973 /* Storyboard */ = {
			isa = PBXGroup;
			children = (
				3AC0B9FA1EA6A76E0076BB71 /* Main.storyboard */,
				3AC0B9D51EA588BC0076BB71 /* LaunchScreen.storyboard */,
			);
			name = Storyboard;
			sourceTree = "<group>";
		};
		3A9BE08E1EC11DEA0048E973 /* Application */ = {
			isa = PBXGroup;
			children = (
				3AC0B9CC1EA588B90076BB71 /* AppDelegate.swift */,
				3AC0B9D31EA588BC0076BB71 /* Assets.xcassets */,
				3AC0B9D81EA588BD0076BB71 /* Info.plist */,
			);
			name = Application;
			sourceTree = "<group>";
		};
		3AC0B9C01EA588B80076BB71 = {
			isa = PBXGroup;
			children = (
				3AC0B9CB1EA588B90076BB71 /* CivicInfo */,
				3AC0B9E01EA588BD0076BB71 /* CivicInfoTests */,
				3AC0B9EB1EA588C00076BB71 /* CivicInfoUITests */,
				3AC0B9CA1EA588B80076BB71 /* Products */,
			);
			sourceTree = "<group>";
		};
		3AC0B9CA1EA588B80076BB71 /* Products */ = {
			isa = PBXGroup;
			children = (
				3AC0B9C91EA588B80076BB71 /* CivicInfo.app */,
				3AC0B9DD1EA588BD0076BB71 /* CivicInfoTests.xctest */,
				3AC0B9E81EA588C00076BB71 /* CivicInfoUITests.xctest */,
			);
			name = Products;
			sourceTree = "<group>";
		};
		3AC0B9CB1EA588B90076BB71 /* CivicInfo */ = {
			isa = PBXGroup;
			children = (
				3A9BE08E1EC11DEA0048E973 /* Application */,
				3A1E46611ED7F32200FB82BB /* Main */,
				3A1E46621ED7F33600FB82BB /* Contact */,
				3AE035F71EDCFB39007DE680 /* Configuration */,
				3A9BE08D1EC11DA50048E973 /* Storyboard */,
				3A5CDA411EC3CA1700E14EAB /* Model */,
				3A9BE08C1EC11D520048E973 /* Service */,
			);
			path = CivicInfo;
			sourceTree = "<group>";
		};
		3AC0B9E01EA588BD0076BB71 /* CivicInfoTests */ = {
			isa = PBXGroup;
			children = (
				3AC0B9E31EA588C00076BB71 /* Info.plist */,
				3AD584781ED33872009D4A0C /* Model */,
				3A6BEFA61ECB777E009E98AE /* Presenter */,
			);
			path = CivicInfoTests;
			sourceTree = "<group>";
		};
		3AC0B9EB1EA588C00076BB71 /* CivicInfoUITests */ = {
			isa = PBXGroup;
			children = (
				3AC0B9EC1EA588C10076BB71 /* CivicInfoUITests.swift */,
				3AC0B9EE1EA588C10076BB71 /* Info.plist */,
			);
			path = CivicInfoUITests;
			sourceTree = "<group>";
		};
		3AD584781ED33872009D4A0C /* Model */ = {
			isa = PBXGroup;
			children = (
				3AD584761ED3386C009D4A0C /* AddressTest.swift */,
			);
			name = Model;
			sourceTree = "<group>";
		};
		3AE035F71EDCFB39007DE680 /* Configuration */ = {
			isa = PBXGroup;
			children = (
				3AE035F81EDFAC2C007DE680 /* View */,
				3AE035FB1EDFAC52007DE680 /* Presenter */,
			);
			name = Configuration;
			sourceTree = "<group>";
		};
		3AE035F81EDFAC2C007DE680 /* View */ = {
			isa = PBXGroup;
			children = (
				3AE035F51EDCFB2C007DE680 /* ConfigurationViewController.swift */,
			);
			name = View;
			sourceTree = "<group>";
		};
		3AE035FB1EDFAC52007DE680 /* Presenter */ = {
			isa = PBXGroup;
			children = (
				3AE035F91EDFAC4C007DE680 /* ConfigurationPresenter.swift */,
			);
			name = Presenter;
			sourceTree = "<group>";
		};
/* End PBXGroup section */

/* Begin PBXNativeTarget section */
		3AC0B9C81EA588B80076BB71 /* CivicInfo */ = {
			isa = PBXNativeTarget;
			buildConfigurationList = 3AC0B9F11EA588C10076BB71 /* Build configuration list for PBXNativeTarget "CivicInfo" */;
			buildPhases = (
				3AC0B9C51EA588B80076BB71 /* Sources */,
				3AC0B9C61EA588B80076BB71 /* Frameworks */,
				3AC0B9C71EA588B80076BB71 /* Resources */,
			);
			buildRules = (
			);
			dependencies = (
			);
			name = CivicInfo;
			productName = CivicInfo;
			productReference = 3AC0B9C91EA588B80076BB71 /* CivicInfo.app */;
			productType = "com.apple.product-type.application";
		};
		3AC0B9DC1EA588BD0076BB71 /* CivicInfoTests */ = {
			isa = PBXNativeTarget;
			buildConfigurationList = 3AC0B9F41EA588C10076BB71 /* Build configuration list for PBXNativeTarget "CivicInfoTests" */;
			buildPhases = (
				3AC0B9D91EA588BD0076BB71 /* Sources */,
				3AC0B9DA1EA588BD0076BB71 /* Frameworks */,
				3AC0B9DB1EA588BD0076BB71 /* Resources */,
			);
			buildRules = (
			);
			dependencies = (
				3AC0B9DF1EA588BD0076BB71 /* PBXTargetDependency */,
			);
			name = CivicInfoTests;
			productName = CivicInfoTests;
			productReference = 3AC0B9DD1EA588BD0076BB71 /* CivicInfoTests.xctest */;
			productType = "com.apple.product-type.bundle.unit-test";
		};
		3AC0B9E71EA588C00076BB71 /* CivicInfoUITests */ = {
			isa = PBXNativeTarget;
			buildConfigurationList = 3AC0B9F71EA588C10076BB71 /* Build configuration list for PBXNativeTarget "CivicInfoUITests" */;
			buildPhases = (
				3AC0B9E41EA588C00076BB71 /* Sources */,
				3AC0B9E51EA588C00076BB71 /* Frameworks */,
				3AC0B9E61EA588C00076BB71 /* Resources */,
			);
			buildRules = (
			);
			dependencies = (
				3AC0B9EA1EA588C00076BB71 /* PBXTargetDependency */,
			);
			name = CivicInfoUITests;
			productName = CivicInfoUITests;
			productReference = 3AC0B9E81EA588C00076BB71 /* CivicInfoUITests.xctest */;
			productType = "com.apple.product-type.bundle.ui-testing";
		};
/* End PBXNativeTarget section */

/* Begin PBXProject section */
		3AC0B9C11EA588B80076BB71 /* Project object */ = {
			isa = PBXProject;
			attributes = {
				LastSwiftUpdateCheck = 0820;
				LastUpgradeCheck = 0820;
				ORGANIZATIONNAME = "Michael Castro";
				TargetAttributes = {
					3AC0B9C81EA588B80076BB71 = {
						CreatedOnToolsVersion = 8.2.1;
						DevelopmentTeam = 88UD57E85S;
						ProvisioningStyle = Automatic;
					};
					3AC0B9DC1EA588BD0076BB71 = {
						CreatedOnToolsVersion = 8.2.1;
						LastSwiftMigration = 0830;
						ProvisioningStyle = Automatic;
						TestTargetID = 3AC0B9C81EA588B80076BB71;
					};
					3AC0B9E71EA588C00076BB71 = {
						CreatedOnToolsVersion = 8.2.1;
						ProvisioningStyle = Automatic;
						TestTargetID = 3AC0B9C81EA588B80076BB71;
					};
				};
			};
			buildConfigurationList = 3AC0B9C41EA588B80076BB71 /* Build configuration list for PBXProject "CivicInfo" */;
			compatibilityVersion = "Xcode 3.2";
			developmentRegion = English;
			hasScannedForEncodings = 0;
			knownRegions = (
				en,
				Base,
			);
			mainGroup = 3AC0B9C01EA588B80076BB71;
			productRefGroup = 3AC0B9CA1EA588B80076BB71 /* Products */;
			projectDirPath = "";
			projectRoot = "";
			targets = (
				3AC0B9C81EA588B80076BB71 /* CivicInfo */,
				3AC0B9DC1EA588BD0076BB71 /* CivicInfoTests */,
				3AC0B9E71EA588C00076BB71 /* CivicInfoUITests */,
			);
		};
/* End PBXProject section */

/* Begin PBXResourcesBuildPhase section */
		3AC0B9C71EA588B80076BB71 /* Resources */ = {
			isa = PBXResourcesBuildPhase;
			buildActionMask = 2147483647;
			files = (
				3AD584751ED33757009D4A0C /* SampleJSON.txt in Resources */,
				3AC0B9D71EA588BC0076BB71 /* LaunchScreen.storyboard in Resources */,
				3AC0B9D41EA588BC0076BB71 /* Assets.xcassets in Resources */,
				3AC0B9FB1EA6A76E0076BB71 /* Main.storyboard in Resources */,
			);
			runOnlyForDeploymentPostprocessing = 0;
		};
		3AC0B9DB1EA588BD0076BB71 /* Resources */ = {
			isa = PBXResourcesBuildPhase;
			buildActionMask = 2147483647;
			files = (
			);
			runOnlyForDeploymentPostprocessing = 0;
		};
		3AC0B9E61EA588C00076BB71 /* Resources */ = {
			isa = PBXResourcesBuildPhase;
			buildActionMask = 2147483647;
			files = (
			);
			runOnlyForDeploymentPostprocessing = 0;
		};
/* End PBXResourcesBuildPhase section */

/* Begin PBXSourcesBuildPhase section */
		3AC0B9C51EA588B80076BB71 /* Sources */ = {
			isa = PBXSourcesBuildPhase;
			buildActionMask = 2147483647;
			files = (
				3A5CDA401EC3C97100E14EAB /* Representative.swift in Sources */,
				3AE035FA1EDFAC4C007DE680 /* ConfigurationPresenter.swift in Sources */,
				3A1E465D1ED78CF000FB82BB /* ContactPresenter.swift in Sources */,
				3A9BE0911EC11E770048E973 /* MainPresenter.swift in Sources */,
				3A247DBC1ED649DB00E5C4D0 /* UIViewExtension.swift in Sources */,
				3A2030F91ECC96B9004A8F7D /* LocationService.swift in Sources */,
				3AC0B9CD1EA588BA0076BB71 /* AppDelegate.swift in Sources */,
				3A9BE08B1EC11D1E0048E973 /* ClientService.swift in Sources */,
				3A1E46591ED78A4700FB82BB /* ContactViewController.swift in Sources */,
				3A5CDA3C1EC3C52700E14EAB /* MainTableViewCell.swift in Sources */,
				3A1E46601ED78E1700FB82BB /* ContactViewProtocol.swift in Sources */,
				3A85FF3B1EC3B27300741395 /* MainViewProtocol.swift in Sources */,
				3AE035F61EDCFB2C007DE680 /* ConfigurationViewController.swift in Sources */,
				3A41EF971ECE50EE00019609 /* Address.swift in Sources */,
				3A9BE0941EC1295B0048E973 /* MainViewController.swift in Sources */,
			);
			runOnlyForDeploymentPostprocessing = 0;
		};
		3AC0B9D91EA588BD0076BB71 /* Sources */ = {
			isa = PBXSourcesBuildPhase;
			buildActionMask = 2147483647;
			files = (
				3AD584771ED3386C009D4A0C /* AddressTest.swift in Sources */,
				3A6BEF9E1ECABDD7009E98AE /* MainPresenterTest.swift in Sources */,
			);
			runOnlyForDeploymentPostprocessing = 0;
		};
		3AC0B9E41EA588C00076BB71 /* Sources */ = {
			isa = PBXSourcesBuildPhase;
			buildActionMask = 2147483647;
			files = (
				3AC0B9ED1EA588C10076BB71 /* CivicInfoUITests.swift in Sources */,
			);
			runOnlyForDeploymentPostprocessing = 0;
		};
/* End PBXSourcesBuildPhase section */

/* Begin PBXTargetDependency section */
		3AC0B9DF1EA588BD0076BB71 /* PBXTargetDependency */ = {
			isa = PBXTargetDependency;
			target = 3AC0B9C81EA588B80076BB71 /* CivicInfo */;
			targetProxy = 3AC0B9DE1EA588BD0076BB71 /* PBXContainerItemProxy */;
		};
		3AC0B9EA1EA588C00076BB71 /* PBXTargetDependency */ = {
			isa = PBXTargetDependency;
			target = 3AC0B9C81EA588B80076BB71 /* CivicInfo */;
			targetProxy = 3AC0B9E91EA588C00076BB71 /* PBXContainerItemProxy */;
		};
/* End PBXTargetDependency section */

/* Begin PBXVariantGroup section */
		3AC0B9D51EA588BC0076BB71 /* LaunchScreen.storyboard */ = {
			isa = PBXVariantGroup;
			children = (
				3AC0B9D61EA588BC0076BB71 /* Base */,
			);
			name = LaunchScreen.storyboard;
			sourceTree = "<group>";
		};
/* End PBXVariantGroup section */

/* Begin XCBuildConfiguration section */
		3AC0B9EF1EA588C10076BB71 /* Debug */ = {
			isa = XCBuildConfiguration;
			buildSettings = {
				ALWAYS_SEARCH_USER_PATHS = NO;
				CLANG_ANALYZER_NONNULL = YES;
				CLANG_CXX_LANGUAGE_STANDARD = "gnu++0x";
				CLANG_CXX_LIBRARY = "libc++";
				CLANG_ENABLE_MODULES = YES;
				CLANG_ENABLE_OBJC_ARC = YES;
				CLANG_WARN_BOOL_CONVERSION = YES;
				CLANG_WARN_CONSTANT_CONVERSION = YES;
				CLANG_WARN_DIRECT_OBJC_ISA_USAGE = YES_ERROR;
				CLANG_WARN_DOCUMENTATION_COMMENTS = YES;
				CLANG_WARN_EMPTY_BODY = YES;
				CLANG_WARN_ENUM_CONVERSION = YES;
				CLANG_WARN_INFINITE_RECURSION = YES;
				CLANG_WARN_INT_CONVERSION = YES;
				CLANG_WARN_OBJC_ROOT_CLASS = YES_ERROR;
				CLANG_WARN_SUSPICIOUS_MOVE = YES;
				CLANG_WARN_UNREACHABLE_CODE = YES;
				CLANG_WARN__DUPLICATE_METHOD_MATCH = YES;
				"CODE_SIGN_IDENTITY[sdk=iphoneos*]" = "iPhone Developer";
				COPY_PHASE_STRIP = NO;
				DEBUG_INFORMATION_FORMAT = dwarf;
				ENABLE_STRICT_OBJC_MSGSEND = YES;
				ENABLE_TESTABILITY = YES;
				GCC_C_LANGUAGE_STANDARD = gnu99;
				GCC_DYNAMIC_NO_PIC = NO;
				GCC_NO_COMMON_BLOCKS = YES;
				GCC_OPTIMIZATION_LEVEL = 0;
				GCC_PREPROCESSOR_DEFINITIONS = (
					"DEBUG=1",
					"$(inherited)",
				);
				GCC_WARN_64_TO_32_BIT_CONVERSION = YES;
				GCC_WARN_ABOUT_RETURN_TYPE = YES_ERROR;
				GCC_WARN_UNDECLARED_SELECTOR = YES;
				GCC_WARN_UNINITIALIZED_AUTOS = YES_AGGRESSIVE;
				GCC_WARN_UNUSED_FUNCTION = YES;
				GCC_WARN_UNUSED_VARIABLE = YES;
				IPHONEOS_DEPLOYMENT_TARGET = 10.2;
				MTL_ENABLE_DEBUG_INFO = YES;
				ONLY_ACTIVE_ARCH = YES;
				SDKROOT = iphoneos;
				SWIFT_ACTIVE_COMPILATION_CONDITIONS = DEBUG;
				SWIFT_OPTIMIZATION_LEVEL = "-Onone";
			};
			name = Debug;
		};
		3AC0B9F01EA588C10076BB71 /* Release */ = {
			isa = XCBuildConfiguration;
			buildSettings = {
				ALWAYS_SEARCH_USER_PATHS = NO;
				CLANG_ANALYZER_NONNULL = YES;
				CLANG_CXX_LANGUAGE_STANDARD = "gnu++0x";
				CLANG_CXX_LIBRARY = "libc++";
				CLANG_ENABLE_MODULES = YES;
				CLANG_ENABLE_OBJC_ARC = YES;
				CLANG_WARN_BOOL_CONVERSION = YES;
				CLANG_WARN_CONSTANT_CONVERSION = YES;
				CLANG_WARN_DIRECT_OBJC_ISA_USAGE = YES_ERROR;
				CLANG_WARN_DOCUMENTATION_COMMENTS = YES;
				CLANG_WARN_EMPTY_BODY = YES;
				CLANG_WARN_ENUM_CONVERSION = YES;
				CLANG_WARN_INFINITE_RECURSION = YES;
				CLANG_WARN_INT_CONVERSION = YES;
				CLANG_WARN_OBJC_ROOT_CLASS = YES_ERROR;
				CLANG_WARN_SUSPICIOUS_MOVE = YES;
				CLANG_WARN_UNREACHABLE_CODE = YES;
				CLANG_WARN__DUPLICATE_METHOD_MATCH = YES;
				"CODE_SIGN_IDENTITY[sdk=iphoneos*]" = "iPhone Developer";
				COPY_PHASE_STRIP = NO;
				DEBUG_INFORMATION_FORMAT = "dwarf-with-dsym";
				ENABLE_NS_ASSERTIONS = NO;
				ENABLE_STRICT_OBJC_MSGSEND = YES;
				GCC_C_LANGUAGE_STANDARD = gnu99;
				GCC_NO_COMMON_BLOCKS = YES;
				GCC_WARN_64_TO_32_BIT_CONVERSION = YES;
				GCC_WARN_ABOUT_RETURN_TYPE = YES_ERROR;
				GCC_WARN_UNDECLARED_SELECTOR = YES;
				GCC_WARN_UNINITIALIZED_AUTOS = YES_AGGRESSIVE;
				GCC_WARN_UNUSED_FUNCTION = YES;
				GCC_WARN_UNUSED_VARIABLE = YES;
				IPHONEOS_DEPLOYMENT_TARGET = 10.2;
				MTL_ENABLE_DEBUG_INFO = NO;
				SDKROOT = iphoneos;
				SWIFT_OPTIMIZATION_LEVEL = "-Owholemodule";
				VALIDATE_PRODUCT = YES;
			};
			name = Release;
		};
		3AC0B9F21EA588C10076BB71 /* Debug */ = {
			isa = XCBuildConfiguration;
			buildSettings = {
				ASSETCATALOG_COMPILER_APPICON_NAME = AppIcon;
				DEVELOPMENT_TEAM = 88UD57E85S;
				INFOPLIST_FILE = CivicInfo/Info.plist;
				LD_RUNPATH_SEARCH_PATHS = "$(inherited) @executable_path/Frameworks";
				PRODUCT_BUNDLE_IDENTIFIER = gov.michaelcastro.CivicInfo;
				PRODUCT_NAME = "$(TARGET_NAME)";
				SWIFT_VERSION = 3.0;
			};
			name = Debug;
		};
		3AC0B9F31EA588C10076BB71 /* Release */ = {
			isa = XCBuildConfiguration;
			buildSettings = {
				ASSETCATALOG_COMPILER_APPICON_NAME = AppIcon;
				DEVELOPMENT_TEAM = 88UD57E85S;
				INFOPLIST_FILE = CivicInfo/Info.plist;
				LD_RUNPATH_SEARCH_PATHS = "$(inherited) @executable_path/Frameworks";
				PRODUCT_BUNDLE_IDENTIFIER = gov.michaelcastro.CivicInfo;
				PRODUCT_NAME = "$(TARGET_NAME)";
				SWIFT_VERSION = 3.0;
			};
			name = Release;
		};
		3AC0B9F51EA588C10076BB71 /* Debug */ = {
			isa = XCBuildConfiguration;
			buildSettings = {
				ALWAYS_EMBED_SWIFT_STANDARD_LIBRARIES = YES;
				BUNDLE_LOADER = "$(TEST_HOST)";
				CLANG_ENABLE_MODULES = YES;
				INFOPLIST_FILE = CivicInfoTests/Info.plist;
				LD_RUNPATH_SEARCH_PATHS = "$(inherited) @executable_path/Frameworks @loader_path/Frameworks";
				PRODUCT_BUNDLE_IDENTIFIER = gov.michaelcastro.CivicInfoTests;
				PRODUCT_NAME = "$(TARGET_NAME)";
				SWIFT_OPTIMIZATION_LEVEL = "-Onone";
				SWIFT_VERSION = 3.0;
				TEST_HOST = "$(BUILT_PRODUCTS_DIR)/CivicInfo.app/CivicInfo";
			};
			name = Debug;
		};
		3AC0B9F61EA588C10076BB71 /* Release */ = {
			isa = XCBuildConfiguration;
			buildSettings = {
				ALWAYS_EMBED_SWIFT_STANDARD_LIBRARIES = YES;
				BUNDLE_LOADER = "$(TEST_HOST)";
				CLANG_ENABLE_MODULES = YES;
				INFOPLIST_FILE = CivicInfoTests/Info.plist;
				LD_RUNPATH_SEARCH_PATHS = "$(inherited) @executable_path/Frameworks @loader_path/Frameworks";
				PRODUCT_BUNDLE_IDENTIFIER = gov.michaelcastro.CivicInfoTests;
				PRODUCT_NAME = "$(TARGET_NAME)";
				SWIFT_VERSION = 3.0;
				TEST_HOST = "$(BUILT_PRODUCTS_DIR)/CivicInfo.app/CivicInfo";
			};
			name = Release;
		};
		3AC0B9F81EA588C10076BB71 /* Debug */ = {
			isa = XCBuildConfiguration;
			buildSettings = {
				ALWAYS_EMBED_SWIFT_STANDARD_LIBRARIES = YES;
				INFOPLIST_FILE = CivicInfoUITests/Info.plist;
				LD_RUNPATH_SEARCH_PATHS = "$(inherited) @executable_path/Frameworks @loader_path/Frameworks";
				PRODUCT_BUNDLE_IDENTIFIER = gov.michaelcastro.CivicInfoUITests;
				PRODUCT_NAME = "$(TARGET_NAME)";
				SWIFT_VERSION = 3.0;
				TEST_TARGET_NAME = CivicInfo;
			};
			name = Debug;
		};
		3AC0B9F91EA588C10076BB71 /* Release */ = {
			isa = XCBuildConfiguration;
			buildSettings = {
				ALWAYS_EMBED_SWIFT_STANDARD_LIBRARIES = YES;
				INFOPLIST_FILE = CivicInfoUITests/Info.plist;
				LD_RUNPATH_SEARCH_PATHS = "$(inherited) @executable_path/Frameworks @loader_path/Frameworks";
				PRODUCT_BUNDLE_IDENTIFIER = gov.michaelcastro.CivicInfoUITests;
				PRODUCT_NAME = "$(TARGET_NAME)";
				SWIFT_VERSION = 3.0;
				TEST_TARGET_NAME = CivicInfo;
			};
			name = Release;
		};
/* End XCBuildConfiguration section */

/* Begin XCConfigurationList section */
		3AC0B9C41EA588B80076BB71 /* Build configuration list for PBXProject "CivicInfo" */ = {
			isa = XCConfigurationList;
			buildConfigurations = (
				3AC0B9EF1EA588C10076BB71 /* Debug */,
				3AC0B9F01EA588C10076BB71 /* Release */,
			);
			defaultConfigurationIsVisible = 0;
			defaultConfigurationName = Release;
		};
		3AC0B9F11EA588C10076BB71 /* Build configuration list for PBXNativeTarget "CivicInfo" */ = {
			isa = XCConfigurationList;
			buildConfigurations = (
				3AC0B9F21EA588C10076BB71 /* Debug */,
				3AC0B9F31EA588C10076BB71 /* Release */,
			);
			defaultConfigurationIsVisible = 0;
			defaultConfigurationName = Release;
		};
		3AC0B9F41EA588C10076BB71 /* Build configuration list for PBXNativeTarget "CivicInfoTests" */ = {
			isa = XCConfigurationList;
			buildConfigurations = (
				3AC0B9F51EA588C10076BB71 /* Debug */,
				3AC0B9F61EA588C10076BB71 /* Release */,
			);
			defaultConfigurationIsVisible = 0;
			defaultConfigurationName = Release;
		};
		3AC0B9F71EA588C10076BB71 /* Build configuration list for PBXNativeTarget "CivicInfoUITests" */ = {
			isa = XCConfigurationList;
			buildConfigurations = (
				3AC0B9F81EA588C10076BB71 /* Debug */,
				3AC0B9F91EA588C10076BB71 /* Release */,
			);
			defaultConfigurationIsVisible = 0;
			defaultConfigurationName = Release;
		};
/* End XCConfigurationList section */
	};
	rootObject = 3AC0B9C11EA588B80076BB71 /* Project object */;
}
